{
  "version": 4,
  "terraform_version": "0.12.26",
  "serial": 2023,
  "lineage": "cd94f7a7-27bb-4c21-2a1a-7646aaf52e6e",
  "outputs": {
    "manager-ip": {
      "value": "3.122.177.171",
      "type": "string"
    }
  },
  "resources": [
    {
      "mode": "managed",
      "type": "aws_default_route_table",
      "name": "private_route",
      "provider": "provider.aws",
      "instances": [
        {
          "schema_version": 0,
          "attributes": {
            "default_route_table_id": "rtb-024ef5cc7aca93f03",
            "id": "rtb-024ef5cc7aca93f03",
            "owner_id": "033914270330",
            "propagating_vgws": null,
            "route": [
              {
                "cidr_block": "0.0.0.0/0",
                "egress_only_gateway_id": "",
                "gateway_id": "",
                "instance_id": "",
                "ipv6_cidr_block": "",
                "nat_gateway_id": "nat-0d8f62dbf87f30d25",
                "network_interface_id": "",
                "transit_gateway_id": "",
                "vpc_peering_connection_id": ""
              }
            ],
            "tags": {
              "Name": "cluster-private-route-table"
            },
            "vpc_id": "vpc-0d87403346b2f4fcf"
          },
          "private": "bnVsbA==",
          "dependencies": [
            "aws_eip.eip",
            "aws_internet_gateway.main",
            "aws_nat_gateway.nat",
            "aws_subnet.public_subnet",
            "aws_vpc.main"
          ]
        }
      ]
    },
    {
      "mode": "managed",
      "type": "aws_eip",
      "name": "eip",
      "provider": "provider.aws",
      "instances": [
        {
          "schema_version": 0,
          "attributes": {
            "allocation_id": null,
            "associate_with_private_ip": null,
            "association_id": "",
            "customer_owned_ip": "",
            "customer_owned_ipv4_pool": "",
            "domain": "vpc",
            "id": "eipalloc-07d6af0151c19344c",
            "instance": "",
            "network_interface": "",
            "private_dns": null,
            "private_ip": "",
            "public_dns": "ec2-54-93-195-206.eu-central-1.compute.amazonaws.com",
            "public_ip": "54.93.195.206",
            "public_ipv4_pool": "amazon",
            "tags": null,
            "timeouts": null,
            "vpc": true
          },
          "private": "eyJlMmJmYjczMC1lY2FhLTExZTYtOGY4OC0zNDM2M2JjN2M0YzAiOnsiZGVsZXRlIjoxODAwMDAwMDAwMDAsInJlYWQiOjkwMDAwMDAwMDAwMCwidXBkYXRlIjozMDAwMDAwMDAwMDB9fQ==",
          "dependencies": [
            "aws_internet_gateway.main",
            "aws_vpc.main"
          ]
        }
      ]
    },
    {
      "mode": "managed",
      "type": "aws_instance",
      "name": "admin-node",
      "provider": "provider.aws",
      "instances": [
        {
          "schema_version": 1,
          "attributes": {
            "ami": "ami-0e342d72b12109f91",
            "arn": "arn:aws:ec2:eu-central-1:033914270330:instance/i-0e209051f089b0601",
            "associate_public_ip_address": true,
            "availability_zone": "eu-central-1c",
            "cpu_core_count": 1,
            "cpu_threads_per_core": 1,
            "credit_specification": [
              {
                "cpu_credits": "standard"
              }
            ],
            "disable_api_termination": false,
            "ebs_block_device": [],
            "ebs_optimized": false,
            "ephemeral_block_device": [],
            "get_password_data": false,
            "hibernation": false,
            "host_id": null,
            "iam_instance_profile": "",
            "id": "i-0e209051f089b0601",
            "instance_initiated_shutdown_behavior": null,
            "instance_state": "running",
            "instance_type": "t2.micro",
            "ipv6_address_count": 0,
            "ipv6_addresses": [],
            "key_name": "cluster_key",
            "metadata_options": [
              {
                "http_endpoint": "enabled",
                "http_put_response_hop_limit": 1,
                "http_tokens": "optional"
              }
            ],
            "monitoring": false,
            "network_interface": [],
            "network_interface_id": null,
            "outpost_arn": "",
            "password_data": "",
            "placement_group": "",
            "primary_network_interface_id": "eni-0c8f45b42ff2cab89",
            "private_dns": "ip-172-31-25-16.eu-central-1.compute.internal",
            "private_ip": "172.31.25.16",
            "public_dns": "ec2-3-122-177-171.eu-central-1.compute.amazonaws.com",
            "public_ip": "3.122.177.171",
            "root_block_device": [
              {
                "delete_on_termination": true,
                "device_name": "/dev/sda1",
                "encrypted": false,
                "iops": 100,
                "kms_key_id": "",
                "volume_id": "vol-003bb0dc9e4e97c2b",
                "volume_size": 8,
                "volume_type": "gp2"
              }
            ],
            "security_groups": [],
            "source_dest_check": true,
            "subnet_id": "subnet-0a4a5e9d61661a5b9",
            "tags": {
              "Name": "Cluster Manager"
            },
            "tenancy": "default",
            "timeouts": null,
            "user_data": null,
            "user_data_base64": null,
            "volume_tags": {},
            "vpc_security_group_ids": [
              "sg-0385d280c6da064f2",
              "sg-0952bdb83a6c305f0",
              "sg-0d65694454dc1a5f5"
            ]
          },
          "private": "eyJlMmJmYjczMC1lY2FhLTExZTYtOGY4OC0zNDM2M2JjN2M0YzAiOnsiY3JlYXRlIjo2MDAwMDAwMDAwMDAsImRlbGV0ZSI6MTIwMDAwMDAwMDAwMCwidXBkYXRlIjo2MDAwMDAwMDAwMDB9LCJzY2hlbWFfdmVyc2lvbiI6IjEifQ==",
          "dependencies": [
            "aws_key_pair.cluster_key",
            "aws_security_group.admin_access_private",
            "aws_security_group.admin_access_public",
            "aws_security_group.default_egress",
            "aws_subnet.public_subnet",
            "aws_vpc.main"
          ]
        }
      ]
    },
    {
      "mode": "managed",
      "type": "aws_instance",
      "name": "cassandra-nodes",
      "each": "list",
      "provider": "provider.aws",
      "instances": []
    },
    {
      "mode": "managed",
      "type": "aws_instance",
      "name": "master-node",
      "provider": "provider.aws",
      "instances": [
        {
          "schema_version": 1,
          "attributes": {
            "ami": "ami-0e342d72b12109f91",
            "arn": "arn:aws:ec2:eu-central-1:033914270330:instance/i-0adf12863f8971ab7",
            "associate_public_ip_address": false,
            "availability_zone": "eu-central-1a",
            "cpu_core_count": 1,
            "cpu_threads_per_core": 1,
            "credit_specification": [
              {
                "cpu_credits": "standard"
              }
            ],
            "disable_api_termination": false,
            "ebs_block_device": [],
            "ebs_optimized": false,
            "ephemeral_block_device": [],
            "get_password_data": false,
            "hibernation": false,
            "host_id": null,
            "iam_instance_profile": "",
            "id": "i-0adf12863f8971ab7",
            "instance_initiated_shutdown_behavior": null,
            "instance_state": "running",
            "instance_type": "t2.micro",
            "ipv6_address_count": 0,
            "ipv6_addresses": [],
            "key_name": "cluster_key",
            "metadata_options": [
              {
                "http_endpoint": "enabled",
                "http_put_response_hop_limit": 1,
                "http_tokens": "optional"
              }
            ],
            "monitoring": false,
            "network_interface": [],
            "network_interface_id": null,
            "outpost_arn": "",
            "password_data": "",
            "placement_group": "",
            "primary_network_interface_id": "eni-0ea719750721887c5",
            "private_dns": "ip-172-31-0-81.eu-central-1.compute.internal",
            "private_ip": "172.31.0.81",
            "public_dns": "",
            "public_ip": "",
            "root_block_device": [
              {
                "delete_on_termination": true,
                "device_name": "/dev/sda1",
                "encrypted": false,
                "iops": 100,
                "kms_key_id": "",
                "volume_id": "vol-023a26c1bcc780b52",
                "volume_size": 8,
                "volume_type": "gp2"
              }
            ],
            "security_groups": [],
            "source_dest_check": true,
            "subnet_id": "subnet-06d28e432cf832ba5",
            "tags": {
              "Name": "Hadoop-Master"
            },
            "tenancy": "default",
            "timeouts": null,
            "user_data": null,
            "user_data_base64": null,
            "volume_tags": {},
            "vpc_security_group_ids": [
              "sg-0385d280c6da064f2",
              "sg-0d65694454dc1a5f5"
            ]
          },
          "private": "eyJlMmJmYjczMC1lY2FhLTExZTYtOGY4OC0zNDM2M2JjN2M0YzAiOnsiY3JlYXRlIjo2MDAwMDAwMDAwMDAsImRlbGV0ZSI6MTIwMDAwMDAwMDAwMCwidXBkYXRlIjo2MDAwMDAwMDAwMDB9LCJzY2hlbWFfdmVyc2lvbiI6IjEifQ==",
          "dependencies": [
            "aws_key_pair.cluster_key",
            "aws_security_group.admin_access_private",
            "aws_security_group.default_egress",
            "aws_subnet.private_subnet",
            "aws_vpc.main"
          ]
        }
      ]
    },
    {
      "mode": "managed",
      "type": "aws_instance",
      "name": "slave-nodes",
      "each": "list",
      "provider": "provider.aws",
      "instances": [
        {
          "index_key": 0,
          "schema_version": 1,
          "attributes": {
            "ami": "ami-0e342d72b12109f91",
            "arn": "arn:aws:ec2:eu-central-1:033914270330:instance/i-07769c0d328ae831f",
            "associate_public_ip_address": false,
            "availability_zone": "eu-central-1a",
            "cpu_core_count": 1,
            "cpu_threads_per_core": 1,
            "credit_specification": [
              {
                "cpu_credits": "standard"
              }
            ],
            "disable_api_termination": false,
            "ebs_block_device": [],
            "ebs_optimized": false,
            "ephemeral_block_device": [],
            "get_password_data": false,
            "hibernation": false,
            "host_id": null,
            "iam_instance_profile": "",
            "id": "i-07769c0d328ae831f",
            "instance_initiated_shutdown_behavior": null,
            "instance_state": "running",
            "instance_type": "t2.micro",
            "ipv6_address_count": 0,
            "ipv6_addresses": [],
            "key_name": "cluster_key",
            "metadata_options": [
              {
                "http_endpoint": "enabled",
                "http_put_response_hop_limit": 1,
                "http_tokens": "optional"
              }
            ],
            "monitoring": false,
            "network_interface": [],
            "network_interface_id": null,
            "outpost_arn": "",
            "password_data": "",
            "placement_group": "",
            "primary_network_interface_id": "eni-00a5bff6f911c986a",
            "private_dns": "ip-172-31-10-183.eu-central-1.compute.internal",
            "private_ip": "172.31.10.183",
            "public_dns": "",
            "public_ip": "",
            "root_block_device": [
              {
                "delete_on_termination": true,
                "device_name": "/dev/sda1",
                "encrypted": false,
                "iops": 100,
                "kms_key_id": "",
                "volume_id": "vol-0b9c11c9a7ea19e1c",
                "volume_size": 8,
                "volume_type": "gp2"
              }
            ],
            "security_groups": [],
            "source_dest_check": true,
            "subnet_id": "subnet-06d28e432cf832ba5",
            "tags": {
              "DomainName": "slave-0.hadoop.cluster",
              "Name": "Hadoop-Slave-0"
            },
            "tenancy": "default",
            "timeouts": null,
            "user_data": null,
            "user_data_base64": null,
            "volume_tags": {},
            "vpc_security_group_ids": [
              "sg-0385d280c6da064f2",
              "sg-0d65694454dc1a5f5"
            ]
          },
          "private": "eyJlMmJmYjczMC1lY2FhLTExZTYtOGY4OC0zNDM2M2JjN2M0YzAiOnsiY3JlYXRlIjo2MDAwMDAwMDAwMDAsImRlbGV0ZSI6MTIwMDAwMDAwMDAwMCwidXBkYXRlIjo2MDAwMDAwMDAwMDB9LCJzY2hlbWFfdmVyc2lvbiI6IjEifQ==",
          "dependencies": [
            "aws_key_pair.cluster_key",
            "aws_security_group.admin_access_private",
            "aws_security_group.default_egress",
            "aws_subnet.private_subnet",
            "aws_vpc.main"
          ]
        }
      ]
    },
    {
      "mode": "managed",
      "type": "aws_internet_gateway",
      "name": "main",
      "provider": "provider.aws",
      "instances": [
        {
          "schema_version": 0,
          "attributes": {
            "arn": "arn:aws:ec2:eu-central-1:033914270330:internet-gateway/igw-0abf9d8ea72d17686",
            "id": "igw-0abf9d8ea72d17686",
            "owner_id": "033914270330",
            "tags": {
              "Name": "Cluster Internet Gateway"
            },
            "vpc_id": "vpc-0d87403346b2f4fcf"
          },
          "private": "bnVsbA==",
          "dependencies": [
            "aws_vpc.main"
          ]
        }
      ]
    },
    {
      "mode": "managed",
      "type": "aws_key_pair",
      "name": "cluster_key",
      "provider": "provider.aws",
      "instances": [
        {
          "schema_version": 1,
          "attributes": {
            "arn": "arn:aws:ec2:eu-central-1:033914270330:key-pair/cluster_key",
            "fingerprint": "05:97:5b:3e:51:9c:ed:57:cb:fc:d1:2f:fd:74:30:e3",
            "id": "cluster_key",
            "key_name": "cluster_key",
            "key_name_prefix": null,
            "key_pair_id": "key-010442922322d0d3b",
            "public_key": "ssh-rsa AAAAB3NzaC1yc2EAAAADAQABAAABAQDXnNzjNYNhgYqScntUukBRToUHTTZQfUHWPCT1BedDZbOPx8IQfsDJHHm51Wd/zo9VEDlJ4VrsMtfx8TR5QONdP1uaFmgI/5ctJGsEKPyVjSPeHjizyEqk9ISXZ3naEPbOz/kIdJKwHrDEYtLIWFQVMo2cndKlICRi2q8T/TH8mNQaUTyOHuMXvxM7QTedNM6TZA+lxZtIAmVpJCjZCIbEx/Nrdv3kBIrqF8UjNKldW8KldT+gZgEPJSx/pXc9yM7i/Ka0CpAjMK+gt042JjkbXQjBLHtOpnw2WeN2sqSjcahbxgLgiSAOe219h7fzpxWjB595WNvE33FDQejag3y1 ash@HomePC",
            "tags": null
          },
          "private": "eyJzY2hlbWFfdmVyc2lvbiI6IjEifQ=="
        }
      ]
    },
    {
      "mode": "managed",
      "type": "aws_nat_gateway",
      "name": "nat",
      "provider": "provider.aws",
      "instances": [
        {
          "schema_version": 0,
          "attributes": {
            "allocation_id": "eipalloc-07d6af0151c19344c",
            "id": "nat-0d8f62dbf87f30d25",
            "network_interface_id": "eni-056330f4e624d0b46",
            "private_ip": "172.31.30.188",
            "public_ip": "54.93.195.206",
            "subnet_id": "subnet-0a4a5e9d61661a5b9",
            "tags": {
              "Name": "NAT Gateway"
            }
          },
          "private": "bnVsbA==",
          "dependencies": [
            "aws_eip.eip",
            "aws_internet_gateway.main",
            "aws_subnet.public_subnet",
            "aws_vpc.main"
          ]
        }
      ]
    },
    {
      "mode": "managed",
      "type": "aws_route_table",
      "name": "internet",
      "provider": "provider.aws",
      "instances": [
        {
          "schema_version": 0,
          "attributes": {
            "id": "rtb-0f7d58af323356e46",
            "owner_id": "033914270330",
            "propagating_vgws": [],
            "route": [
              {
                "cidr_block": "0.0.0.0/0",
                "egress_only_gateway_id": "",
                "gateway_id": "",
                "instance_id": "",
                "ipv6_cidr_block": "",
                "nat_gateway_id": "nat-0d8f62dbf87f30d25",
                "network_interface_id": "",
                "transit_gateway_id": "",
                "vpc_peering_connection_id": ""
              }
            ],
            "tags": {
              "Name": "Cluster Routing Table"
            },
            "vpc_id": "vpc-0d87403346b2f4fcf"
          },
          "private": "bnVsbA==",
          "dependencies": [
            "aws_eip.eip",
            "aws_internet_gateway.main",
            "aws_nat_gateway.nat",
            "aws_subnet.public_subnet",
            "aws_vpc.main"
          ]
        }
      ]
    },
    {
      "mode": "managed",
      "type": "aws_route_table",
      "name": "public_route",
      "provider": "provider.aws",
      "instances": [
        {
          "schema_version": 0,
          "attributes": {
            "id": "rtb-0a84657806482d7f4",
            "owner_id": "033914270330",
            "propagating_vgws": [],
            "route": [
              {
                "cidr_block": "0.0.0.0/0",
                "egress_only_gateway_id": "",
                "gateway_id": "igw-0abf9d8ea72d17686",
                "instance_id": "",
                "ipv6_cidr_block": "",
                "nat_gateway_id": "",
                "network_interface_id": "",
                "transit_gateway_id": "",
                "vpc_peering_connection_id": ""
              }
            ],
            "tags": {
              "Name": "cluster-public-route-table"
            },
            "vpc_id": "vpc-0d87403346b2f4fcf"
          },
          "private": "bnVsbA==",
          "dependencies": [
            "aws_internet_gateway.main",
            "aws_vpc.main"
          ]
        }
      ]
    },
    {
      "mode": "managed",
      "type": "aws_route_table_association",
      "name": "private_subnet_assoc",
      "provider": "provider.aws",
      "instances": [
        {
          "schema_version": 0,
          "attributes": {
            "gateway_id": null,
            "id": "rtbassoc-0dcd3ea24a81a9f58",
            "route_table_id": "rtb-024ef5cc7aca93f03",
            "subnet_id": "subnet-06d28e432cf832ba5"
          },
          "private": "bnVsbA==",
          "dependencies": [
            "aws_default_route_table.private_route",
            "aws_eip.eip",
            "aws_internet_gateway.main",
            "aws_nat_gateway.nat",
            "aws_subnet.private_subnet",
            "aws_subnet.public_subnet",
            "aws_vpc.main"
          ]
        }
      ]
    },
    {
      "mode": "managed",
      "type": "aws_route_table_association",
      "name": "public_subnet_assoc",
      "provider": "provider.aws",
      "instances": [
        {
          "schema_version": 0,
          "attributes": {
            "gateway_id": null,
            "id": "rtbassoc-0225937cb29f68ba0",
            "route_table_id": "rtb-0a84657806482d7f4",
            "subnet_id": "subnet-0a4a5e9d61661a5b9"
          },
          "private": "bnVsbA==",
          "dependencies": [
            "aws_internet_gateway.main",
            "aws_route_table.public_route",
            "aws_subnet.public_subnet",
            "aws_vpc.main"
          ]
        }
      ]
    },
    {
      "mode": "managed",
      "type": "aws_security_group",
      "name": "admin_access_private",
      "provider": "provider.aws",
      "instances": [
        {
          "schema_version": 1,
          "attributes": {
            "arn": "arn:aws:ec2:eu-central-1:033914270330:security-group/sg-0385d280c6da064f2",
            "description": "Allow All Private Access",
            "egress": [],
            "id": "sg-0385d280c6da064f2",
            "ingress": [],
            "name": "admin_access_private",
            "name_prefix": null,
            "owner_id": "033914270330",
            "revoke_rules_on_delete": false,
            "tags": {
              "Name": "Internal Instances SG"
            },
            "timeouts": null,
            "vpc_id": "vpc-0d87403346b2f4fcf"
          },
          "private": "eyJlMmJmYjczMC1lY2FhLTExZTYtOGY4OC0zNDM2M2JjN2M0YzAiOnsiY3JlYXRlIjo2MDAwMDAwMDAwMDAsImRlbGV0ZSI6NjAwMDAwMDAwMDAwfSwic2NoZW1hX3ZlcnNpb24iOiIxIn0=",
          "dependencies": [
            "aws_vpc.main"
          ]
        }
      ]
    },
    {
      "mode": "managed",
      "type": "aws_security_group",
      "name": "admin_access_public",
      "provider": "provider.aws",
      "instances": [
        {
          "schema_version": 1,
          "attributes": {
            "arn": "arn:aws:ec2:eu-central-1:033914270330:security-group/sg-0952bdb83a6c305f0",
            "description": "Admin Access Public",
            "egress": [],
            "id": "sg-0952bdb83a6c305f0",
            "ingress": [],
            "name": "admin_access_public",
            "name_prefix": null,
            "owner_id": "033914270330",
            "revoke_rules_on_delete": false,
            "tags": {
              "Name": "Admin Instance SG"
            },
            "timeouts": null,
            "vpc_id": "vpc-0d87403346b2f4fcf"
          },
          "private": "eyJlMmJmYjczMC1lY2FhLTExZTYtOGY4OC0zNDM2M2JjN2M0YzAiOnsiY3JlYXRlIjo2MDAwMDAwMDAwMDAsImRlbGV0ZSI6NjAwMDAwMDAwMDAwfSwic2NoZW1hX3ZlcnNpb24iOiIxIn0=",
          "dependencies": [
            "aws_vpc.main"
          ]
        }
      ]
    },
    {
      "mode": "managed",
      "type": "aws_security_group",
      "name": "default_egress",
      "provider": "provider.aws",
      "instances": [
        {
          "schema_version": 1,
          "attributes": {
            "arn": "arn:aws:ec2:eu-central-1:033914270330:security-group/sg-0d65694454dc1a5f5",
            "description": "Default Egress",
            "egress": [],
            "id": "sg-0d65694454dc1a5f5",
            "ingress": [],
            "name": "default_egress",
            "name_prefix": null,
            "owner_id": "033914270330",
            "revoke_rules_on_delete": false,
            "tags": {
              "Name": "Open Outbound SG"
            },
            "timeouts": null,
            "vpc_id": "vpc-0d87403346b2f4fcf"
          },
          "private": "eyJlMmJmYjczMC1lY2FhLTExZTYtOGY4OC0zNDM2M2JjN2M0YzAiOnsiY3JlYXRlIjo2MDAwMDAwMDAwMDAsImRlbGV0ZSI6NjAwMDAwMDAwMDAwfSwic2NoZW1hX3ZlcnNpb24iOiIxIn0=",
          "dependencies": [
            "aws_vpc.main"
          ]
        }
      ]
    },
    {
      "mode": "managed",
      "type": "aws_security_group_rule",
      "name": "admin_access_private_allow_all",
      "provider": "provider.aws",
      "instances": [
        {
          "schema_version": 2,
          "attributes": {
            "cidr_blocks": [
              "172.31.0.0/16"
            ],
            "description": null,
            "from_port": 0,
            "id": "sgrule-3808929200",
            "ipv6_cidr_blocks": null,
            "prefix_list_ids": null,
            "protocol": "-1",
            "security_group_id": "sg-0385d280c6da064f2",
            "self": false,
            "source_security_group_id": null,
            "to_port": 0,
            "type": "ingress"
          },
          "private": "eyJzY2hlbWFfdmVyc2lvbiI6IjIifQ==",
          "dependencies": [
            "aws_security_group.admin_access_private",
            "aws_vpc.main"
          ]
        }
      ]
    },
    {
      "mode": "managed",
      "type": "aws_security_group_rule",
      "name": "admin_access_public_ssh",
      "provider": "provider.aws",
      "instances": [
        {
          "schema_version": 2,
          "attributes": {
            "cidr_blocks": [
              "0.0.0.0/0"
            ],
            "description": null,
            "from_port": 22,
            "id": "sgrule-1894325945",
            "ipv6_cidr_blocks": null,
            "prefix_list_ids": null,
            "protocol": "tcp",
            "security_group_id": "sg-0952bdb83a6c305f0",
            "self": false,
            "source_security_group_id": null,
            "to_port": 22,
            "type": "ingress"
          },
          "private": "eyJzY2hlbWFfdmVyc2lvbiI6IjIifQ==",
          "dependencies": [
            "aws_security_group.admin_access_public",
            "aws_vpc.main"
          ]
        }
      ]
    },
    {
      "mode": "managed",
      "type": "aws_security_group_rule",
      "name": "default_egress",
      "provider": "provider.aws",
      "instances": [
        {
          "schema_version": 2,
          "attributes": {
            "cidr_blocks": [
              "0.0.0.0/0"
            ],
            "description": null,
            "from_port": 0,
            "id": "sgrule-954089209",
            "ipv6_cidr_blocks": null,
            "prefix_list_ids": null,
            "protocol": "-1",
            "security_group_id": "sg-0d65694454dc1a5f5",
            "self": false,
            "source_security_group_id": null,
            "to_port": 0,
            "type": "egress"
          },
          "private": "eyJzY2hlbWFfdmVyc2lvbiI6IjIifQ==",
          "dependencies": [
            "aws_security_group.default_egress",
            "aws_vpc.main"
          ]
        }
      ]
    },
    {
      "mode": "managed",
      "type": "aws_subnet",
      "name": "private_subnet",
      "provider": "provider.aws",
      "instances": [
        {
          "schema_version": 1,
          "attributes": {
            "arn": "arn:aws:ec2:eu-central-1:033914270330:subnet/subnet-06d28e432cf832ba5",
            "assign_ipv6_address_on_creation": false,
            "availability_zone": "eu-central-1a",
            "availability_zone_id": "euc1-az2",
            "cidr_block": "172.31.0.0/20",
            "id": "subnet-06d28e432cf832ba5",
            "ipv6_cidr_block": "",
            "ipv6_cidr_block_association_id": "",
            "map_public_ip_on_launch": false,
            "outpost_arn": "",
            "owner_id": "033914270330",
            "tags": {
              "Name": "Cluster Subnet A"
            },
            "timeouts": null,
            "vpc_id": "vpc-0d87403346b2f4fcf"
          },
          "private": "eyJlMmJmYjczMC1lY2FhLTExZTYtOGY4OC0zNDM2M2JjN2M0YzAiOnsiY3JlYXRlIjo2MDAwMDAwMDAwMDAsImRlbGV0ZSI6MTIwMDAwMDAwMDAwMH0sInNjaGVtYV92ZXJzaW9uIjoiMSJ9",
          "dependencies": [
            "aws_vpc.main"
          ]
        }
      ]
    },
    {
      "mode": "managed",
      "type": "aws_subnet",
      "name": "public_subnet",
      "provider": "provider.aws",
      "instances": [
        {
          "schema_version": 1,
          "attributes": {
            "arn": "arn:aws:ec2:eu-central-1:033914270330:subnet/subnet-0a4a5e9d61661a5b9",
            "assign_ipv6_address_on_creation": false,
            "availability_zone": "eu-central-1c",
            "availability_zone_id": "euc1-az1",
            "cidr_block": "172.31.16.0/20",
            "id": "subnet-0a4a5e9d61661a5b9",
            "ipv6_cidr_block": "",
            "ipv6_cidr_block_association_id": "",
            "map_public_ip_on_launch": true,
            "outpost_arn": "",
            "owner_id": "033914270330",
            "tags": {
              "Name": "Cluster Subnet B"
            },
            "timeouts": null,
            "vpc_id": "vpc-0d87403346b2f4fcf"
          },
          "private": "eyJlMmJmYjczMC1lY2FhLTExZTYtOGY4OC0zNDM2M2JjN2M0YzAiOnsiY3JlYXRlIjo2MDAwMDAwMDAwMDAsImRlbGV0ZSI6MTIwMDAwMDAwMDAwMH0sInNjaGVtYV92ZXJzaW9uIjoiMSJ9",
          "dependencies": [
            "aws_vpc.main"
          ]
        }
      ]
    },
    {
      "mode": "managed",
      "type": "aws_vpc",
      "name": "main",
      "provider": "provider.aws",
      "instances": [
        {
          "schema_version": 1,
          "attributes": {
            "arn": "arn:aws:ec2:eu-central-1:033914270330:vpc/vpc-0d87403346b2f4fcf",
            "assign_generated_ipv6_cidr_block": false,
            "cidr_block": "172.31.0.0/16",
            "default_network_acl_id": "acl-0e84ebe9f841f245f",
            "default_route_table_id": "rtb-024ef5cc7aca93f03",
            "default_security_group_id": "sg-0386ddbafcce968f2",
            "dhcp_options_id": "dopt-0d82e4ff0b76a5a5b",
            "enable_classiclink": null,
            "enable_classiclink_dns_support": null,
            "enable_dns_hostnames": true,
            "enable_dns_support": true,
            "id": "vpc-0d87403346b2f4fcf",
            "instance_tenancy": "default",
            "ipv6_association_id": "",
            "ipv6_cidr_block": "",
            "main_route_table_id": "rtb-024ef5cc7aca93f03",
            "owner_id": "033914270330",
            "tags": {
              "Name": "Cluster VPC"
            }
          },
          "private": "eyJzY2hlbWFfdmVyc2lvbiI6IjEifQ=="
        }
      ]
    },
    {
      "mode": "managed",
      "type": "null_resource",
      "name": "admin-node",
      "provider": "provider.null",
      "instances": [
        {
          "schema_version": 0,
          "attributes": {
            "id": "4500471958351864842",
            "triggers": null
          },
          "private": "bnVsbA==",
          "dependencies": [
            "aws_instance.admin-node",
            "aws_instance.cassandra-nodes",
            "aws_instance.master-node",
            "aws_instance.slave-nodes",
            "aws_key_pair.cluster_key",
            "aws_security_group.admin_access_private",
            "aws_security_group.admin_access_public",
            "aws_security_group.default_egress",
            "aws_subnet.private_subnet",
            "aws_subnet.public_subnet",
            "aws_vpc.main",
            "null_resource.prepare_hosts_and_workers_files"
          ]
        }
      ]
    },
    {
      "mode": "managed",
      "type": "null_resource",
      "name": "cassandra-nodes",
      "each": "list",
      "provider": "provider.null",
      "instances": []
    },
    {
      "mode": "managed",
      "type": "null_resource",
      "name": "master-node",
      "provider": "provider.null",
      "instances": [
        {
          "schema_version": 0,
          "attributes": {
            "id": "8410901720033725512",
            "triggers": null
          },
          "private": "bnVsbA==",
          "dependencies": [
            "aws_instance.admin-node",
            "aws_instance.cassandra-nodes",
            "aws_instance.master-node",
            "aws_instance.slave-nodes",
            "aws_key_pair.cluster_key",
            "aws_security_group.admin_access_private",
            "aws_security_group.admin_access_public",
            "aws_security_group.default_egress",
            "aws_subnet.private_subnet",
            "aws_subnet.public_subnet",
            "aws_vpc.main",
            "null_resource.prepare_hosts_and_workers_files"
          ]
        }
      ]
    },
    {
      "mode": "managed",
      "type": "null_resource",
      "name": "prepare_hosts_and_workers_files",
      "provider": "provider.null",
      "instances": [
        {
          "schema_version": 0,
          "attributes": {
            "id": "27996560757101695",
            "triggers": null
          },
          "private": "bnVsbA==",
          "dependencies": [
            "aws_instance.cassandra-nodes",
            "aws_instance.master-node",
            "aws_instance.slave-nodes",
            "aws_key_pair.cluster_key",
            "aws_security_group.admin_access_private",
            "aws_security_group.default_egress",
            "aws_subnet.private_subnet",
            "aws_vpc.main"
          ]
        }
      ]
    },
    {
      "mode": "managed",
      "type": "null_resource",
      "name": "slave-nodes",
      "each": "list",
      "provider": "provider.null",
      "instances": [
        {
          "index_key": 0,
          "schema_version": 0,
          "attributes": {
            "id": "256135414376629832",
            "triggers": null
          },
          "private": "bnVsbA==",
          "dependencies": [
            "aws_instance.admin-node",
            "aws_instance.cassandra-nodes",
            "aws_instance.master-node",
            "aws_instance.slave-nodes",
            "aws_key_pair.cluster_key",
            "aws_security_group.admin_access_private",
            "aws_security_group.admin_access_public",
            "aws_security_group.default_egress",
            "aws_subnet.private_subnet",
            "aws_subnet.public_subnet",
            "aws_vpc.main",
            "null_resource.master-node",
            "null_resource.prepare_hosts_and_workers_files"
          ]
        }
      ]
    },
    {
      "mode": "managed",
      "type": "null_resource",
      "name": "start-hadoop",
      "provider": "provider.null",
      "instances": [
        {
          "schema_version": 0,
          "attributes": {
            "id": "8347186037507973188",
            "triggers": null
          },
          "private": "bnVsbA==",
          "dependencies": [
            "aws_instance.admin-node",
            "aws_instance.cassandra-nodes",
            "aws_instance.master-node",
            "aws_instance.slave-nodes",
            "aws_key_pair.cluster_key",
            "aws_security_group.admin_access_private",
            "aws_security_group.admin_access_public",
            "aws_security_group.default_egress",
            "aws_subnet.private_subnet",
            "aws_subnet.public_subnet",
            "aws_vpc.main",
            "null_resource.master-node",
            "null_resource.prepare_hosts_and_workers_files",
            "null_resource.slave-nodes"
          ]
        }
      ]
    }
  ]
}
