{
  "version": 4,
  "terraform_version": "0.12.26",
  "serial": 1539,
  "lineage": "cd94f7a7-27bb-4c21-2a1a-7646aaf52e6e",
  "outputs": {
    "manager-ip": {
      "value": "3.122.245.175",
      "type": "string"
    }
  },
  "resources": [
    {
      "mode": "managed",
      "type": "aws_default_route_table",
      "name": "private_route",
      "provider": "provider.aws",
      "instances": [
        {
          "schema_version": 0,
          "attributes": {
            "default_route_table_id": "rtb-082f909fab45e7a35",
            "id": "rtb-082f909fab45e7a35",
            "owner_id": "033914270330",
            "propagating_vgws": null,
            "route": [
              {
                "cidr_block": "0.0.0.0/0",
                "egress_only_gateway_id": "",
                "gateway_id": "",
                "instance_id": "",
                "ipv6_cidr_block": "",
                "nat_gateway_id": "nat-08b537e5d5c855214",
                "network_interface_id": "",
                "transit_gateway_id": "",
                "vpc_peering_connection_id": ""
              }
            ],
            "tags": {
              "Name": "cluster-private-route-table"
            },
            "vpc_id": "vpc-02e1aa7d5ba5067d8"
          },
          "private": "bnVsbA==",
          "dependencies": [
            "aws_eip.eip",
            "aws_internet_gateway.main",
            "aws_nat_gateway.nat",
            "aws_subnet.public_subnet",
            "aws_vpc.main"
          ]
        }
      ]
    },
    {
      "mode": "managed",
      "type": "aws_eip",
      "name": "eip",
      "provider": "provider.aws",
      "instances": [
        {
          "schema_version": 0,
          "attributes": {
            "allocation_id": null,
            "associate_with_private_ip": null,
            "association_id": "",
            "customer_owned_ip": "",
            "customer_owned_ipv4_pool": "",
            "domain": "vpc",
            "id": "eipalloc-008a614eb9da753b8",
            "instance": "",
            "network_interface": "",
            "private_dns": null,
            "private_ip": "",
            "public_dns": "ec2-3-123-148-208.eu-central-1.compute.amazonaws.com",
            "public_ip": "3.123.148.208",
            "public_ipv4_pool": "amazon",
            "tags": null,
            "timeouts": null,
            "vpc": true
          },
          "private": "eyJlMmJmYjczMC1lY2FhLTExZTYtOGY4OC0zNDM2M2JjN2M0YzAiOnsiZGVsZXRlIjoxODAwMDAwMDAwMDAsInJlYWQiOjkwMDAwMDAwMDAwMCwidXBkYXRlIjozMDAwMDAwMDAwMDB9fQ==",
          "dependencies": [
            "aws_internet_gateway.main",
            "aws_vpc.main"
          ]
        }
      ]
    },
    {
      "mode": "managed",
      "type": "aws_instance",
      "name": "admin-node",
      "provider": "provider.aws",
      "instances": [
        {
          "schema_version": 1,
          "attributes": {
            "ami": "ami-0e342d72b12109f91",
            "arn": "arn:aws:ec2:eu-central-1:033914270330:instance/i-05639d028e3b2bf66",
            "associate_public_ip_address": true,
            "availability_zone": "eu-central-1b",
            "cpu_core_count": 1,
            "cpu_threads_per_core": 1,
            "credit_specification": [
              {
                "cpu_credits": "standard"
              }
            ],
            "disable_api_termination": false,
            "ebs_block_device": [],
            "ebs_optimized": false,
            "ephemeral_block_device": [],
            "get_password_data": false,
            "hibernation": false,
            "host_id": null,
            "iam_instance_profile": "",
            "id": "i-05639d028e3b2bf66",
            "instance_initiated_shutdown_behavior": null,
            "instance_state": "running",
            "instance_type": "t2.micro",
            "ipv6_address_count": 0,
            "ipv6_addresses": [],
            "key_name": "cluster_key",
            "metadata_options": [
              {
                "http_endpoint": "enabled",
                "http_put_response_hop_limit": 1,
                "http_tokens": "optional"
              }
            ],
            "monitoring": false,
            "network_interface": [],
            "network_interface_id": null,
            "outpost_arn": "",
            "password_data": "",
            "placement_group": "",
            "primary_network_interface_id": "eni-03b6a24057ff74e49",
            "private_dns": "ip-172-31-31-241.eu-central-1.compute.internal",
            "private_ip": "172.31.31.241",
            "public_dns": "ec2-3-122-245-175.eu-central-1.compute.amazonaws.com",
            "public_ip": "3.122.245.175",
            "root_block_device": [
              {
                "delete_on_termination": true,
                "device_name": "/dev/sda1",
                "encrypted": false,
                "iops": 100,
                "kms_key_id": "",
                "volume_id": "vol-099de3fc661cc541e",
                "volume_size": 8,
                "volume_type": "gp2"
              }
            ],
            "security_groups": [],
            "source_dest_check": true,
            "subnet_id": "subnet-02fe854161c66aee2",
            "tags": {
              "Name": "Cluster Manager"
            },
            "tenancy": "default",
            "timeouts": null,
            "user_data": null,
            "user_data_base64": null,
            "volume_tags": {},
            "vpc_security_group_ids": [
              "sg-00c51351312120a56",
              "sg-06c7dcb0c083398c8",
              "sg-0924a80e00dfc93e2"
            ]
          },
          "private": "eyJlMmJmYjczMC1lY2FhLTExZTYtOGY4OC0zNDM2M2JjN2M0YzAiOnsiY3JlYXRlIjo2MDAwMDAwMDAwMDAsImRlbGV0ZSI6MTIwMDAwMDAwMDAwMCwidXBkYXRlIjo2MDAwMDAwMDAwMDB9LCJzY2hlbWFfdmVyc2lvbiI6IjEifQ==",
          "dependencies": [
            "aws_key_pair.cluster_key",
            "aws_security_group.admin_access_private",
            "aws_security_group.admin_access_public",
            "aws_security_group.default_egress",
            "aws_subnet.public_subnet",
            "aws_vpc.main"
          ]
        }
      ]
    },
    {
      "mode": "managed",
      "type": "aws_instance",
      "name": "cassandra-nodes",
      "each": "list",
      "provider": "provider.aws",
      "instances": []
    },
    {
      "mode": "managed",
      "type": "aws_instance",
      "name": "master-node",
      "provider": "provider.aws",
      "instances": [
        {
          "schema_version": 1,
          "attributes": {
            "ami": "ami-0e342d72b12109f91",
            "arn": "arn:aws:ec2:eu-central-1:033914270330:instance/i-073a08af7118bbc1b",
            "associate_public_ip_address": false,
            "availability_zone": "eu-central-1a",
            "cpu_core_count": 1,
            "cpu_threads_per_core": 1,
            "credit_specification": [
              {
                "cpu_credits": "standard"
              }
            ],
            "disable_api_termination": false,
            "ebs_block_device": [],
            "ebs_optimized": false,
            "ephemeral_block_device": [],
            "get_password_data": false,
            "hibernation": false,
            "host_id": null,
            "iam_instance_profile": "",
            "id": "i-073a08af7118bbc1b",
            "instance_initiated_shutdown_behavior": null,
            "instance_state": "running",
            "instance_type": "t2.micro",
            "ipv6_address_count": 0,
            "ipv6_addresses": [],
            "key_name": "cluster_key",
            "metadata_options": [
              {
                "http_endpoint": "enabled",
                "http_put_response_hop_limit": 1,
                "http_tokens": "optional"
              }
            ],
            "monitoring": false,
            "network_interface": [],
            "network_interface_id": null,
            "outpost_arn": "",
            "password_data": "",
            "placement_group": "",
            "primary_network_interface_id": "eni-0419b8a021315f01b",
            "private_dns": "ip-172-31-11-119.eu-central-1.compute.internal",
            "private_ip": "172.31.11.119",
            "public_dns": "",
            "public_ip": "",
            "root_block_device": [
              {
                "delete_on_termination": true,
                "device_name": "/dev/sda1",
                "encrypted": false,
                "iops": 100,
                "kms_key_id": "",
                "volume_id": "vol-0c4cb9f0fb320b31b",
                "volume_size": 8,
                "volume_type": "gp2"
              }
            ],
            "security_groups": [],
            "source_dest_check": true,
            "subnet_id": "subnet-03d1941f09c9d4781",
            "tags": {
              "Name": "Hadoop-Master"
            },
            "tenancy": "default",
            "timeouts": null,
            "user_data": null,
            "user_data_base64": null,
            "volume_tags": {},
            "vpc_security_group_ids": [
              "sg-06c7dcb0c083398c8",
              "sg-0924a80e00dfc93e2"
            ]
          },
          "private": "eyJlMmJmYjczMC1lY2FhLTExZTYtOGY4OC0zNDM2M2JjN2M0YzAiOnsiY3JlYXRlIjo2MDAwMDAwMDAwMDAsImRlbGV0ZSI6MTIwMDAwMDAwMDAwMCwidXBkYXRlIjo2MDAwMDAwMDAwMDB9LCJzY2hlbWFfdmVyc2lvbiI6IjEifQ==",
          "dependencies": [
            "aws_key_pair.cluster_key",
            "aws_security_group.admin_access_private",
            "aws_security_group.default_egress",
            "aws_subnet.private_subnet",
            "aws_vpc.main"
          ]
        }
      ]
    },
    {
      "mode": "managed",
      "type": "aws_instance",
      "name": "slave-nodes",
      "each": "list",
      "provider": "provider.aws",
      "instances": [
        {
          "index_key": 0,
          "schema_version": 1,
          "attributes": {
            "ami": "ami-0e342d72b12109f91",
            "arn": "arn:aws:ec2:eu-central-1:033914270330:instance/i-036942e0eb612ab7b",
            "associate_public_ip_address": false,
            "availability_zone": "eu-central-1a",
            "cpu_core_count": 1,
            "cpu_threads_per_core": 1,
            "credit_specification": [
              {
                "cpu_credits": "standard"
              }
            ],
            "disable_api_termination": false,
            "ebs_block_device": [],
            "ebs_optimized": false,
            "ephemeral_block_device": [],
            "get_password_data": false,
            "hibernation": false,
            "host_id": null,
            "iam_instance_profile": "",
            "id": "i-036942e0eb612ab7b",
            "instance_initiated_shutdown_behavior": null,
            "instance_state": "running",
            "instance_type": "t2.micro",
            "ipv6_address_count": 0,
            "ipv6_addresses": [],
            "key_name": "cluster_key",
            "metadata_options": [
              {
                "http_endpoint": "enabled",
                "http_put_response_hop_limit": 1,
                "http_tokens": "optional"
              }
            ],
            "monitoring": false,
            "network_interface": [],
            "network_interface_id": null,
            "outpost_arn": "",
            "password_data": "",
            "placement_group": "",
            "primary_network_interface_id": "eni-0f1721653a69ab7c1",
            "private_dns": "ip-172-31-0-155.eu-central-1.compute.internal",
            "private_ip": "172.31.0.155",
            "public_dns": "",
            "public_ip": "",
            "root_block_device": [
              {
                "delete_on_termination": true,
                "device_name": "/dev/sda1",
                "encrypted": false,
                "iops": 100,
                "kms_key_id": "",
                "volume_id": "vol-0ed94ef418ee863bd",
                "volume_size": 8,
                "volume_type": "gp2"
              }
            ],
            "security_groups": [],
            "source_dest_check": true,
            "subnet_id": "subnet-03d1941f09c9d4781",
            "tags": {
              "DomainName": "slave-0.hadoop.cluster",
              "Name": "Hadoop-Slave-0"
            },
            "tenancy": "default",
            "timeouts": null,
            "user_data": null,
            "user_data_base64": null,
            "volume_tags": {},
            "vpc_security_group_ids": [
              "sg-06c7dcb0c083398c8",
              "sg-0924a80e00dfc93e2"
            ]
          },
          "private": "eyJlMmJmYjczMC1lY2FhLTExZTYtOGY4OC0zNDM2M2JjN2M0YzAiOnsiY3JlYXRlIjo2MDAwMDAwMDAwMDAsImRlbGV0ZSI6MTIwMDAwMDAwMDAwMCwidXBkYXRlIjo2MDAwMDAwMDAwMDB9LCJzY2hlbWFfdmVyc2lvbiI6IjEifQ==",
          "dependencies": [
            "aws_key_pair.cluster_key",
            "aws_security_group.admin_access_private",
            "aws_security_group.default_egress",
            "aws_subnet.private_subnet",
            "aws_vpc.main"
          ]
        },
        {
          "index_key": 1,
          "schema_version": 1,
          "attributes": {
            "ami": "ami-0e342d72b12109f91",
            "arn": "arn:aws:ec2:eu-central-1:033914270330:instance/i-040a372bf8eaa7565",
            "associate_public_ip_address": false,
            "availability_zone": "eu-central-1a",
            "cpu_core_count": 1,
            "cpu_threads_per_core": 1,
            "credit_specification": [
              {
                "cpu_credits": "standard"
              }
            ],
            "disable_api_termination": false,
            "ebs_block_device": [],
            "ebs_optimized": false,
            "ephemeral_block_device": [],
            "get_password_data": false,
            "hibernation": false,
            "host_id": null,
            "iam_instance_profile": "",
            "id": "i-040a372bf8eaa7565",
            "instance_initiated_shutdown_behavior": null,
            "instance_state": "running",
            "instance_type": "t2.micro",
            "ipv6_address_count": 0,
            "ipv6_addresses": [],
            "key_name": "cluster_key",
            "metadata_options": [
              {
                "http_endpoint": "enabled",
                "http_put_response_hop_limit": 1,
                "http_tokens": "optional"
              }
            ],
            "monitoring": false,
            "network_interface": [],
            "network_interface_id": null,
            "outpost_arn": "",
            "password_data": "",
            "placement_group": "",
            "primary_network_interface_id": "eni-07d1d719db450a843",
            "private_dns": "ip-172-31-11-225.eu-central-1.compute.internal",
            "private_ip": "172.31.11.225",
            "public_dns": "",
            "public_ip": "",
            "root_block_device": [
              {
                "delete_on_termination": true,
                "device_name": "/dev/sda1",
                "encrypted": false,
                "iops": 100,
                "kms_key_id": "",
                "volume_id": "vol-000b56727a3a8b9eb",
                "volume_size": 8,
                "volume_type": "gp2"
              }
            ],
            "security_groups": [],
            "source_dest_check": true,
            "subnet_id": "subnet-03d1941f09c9d4781",
            "tags": {
              "DomainName": "slave-1.hadoop.cluster",
              "Name": "Hadoop-Slave-1"
            },
            "tenancy": "default",
            "timeouts": null,
            "user_data": null,
            "user_data_base64": null,
            "volume_tags": {},
            "vpc_security_group_ids": [
              "sg-06c7dcb0c083398c8",
              "sg-0924a80e00dfc93e2"
            ]
          },
          "private": "eyJlMmJmYjczMC1lY2FhLTExZTYtOGY4OC0zNDM2M2JjN2M0YzAiOnsiY3JlYXRlIjo2MDAwMDAwMDAwMDAsImRlbGV0ZSI6MTIwMDAwMDAwMDAwMCwidXBkYXRlIjo2MDAwMDAwMDAwMDB9LCJzY2hlbWFfdmVyc2lvbiI6IjEifQ==",
          "dependencies": [
            "aws_key_pair.cluster_key",
            "aws_security_group.admin_access_private",
            "aws_security_group.default_egress",
            "aws_subnet.private_subnet",
            "aws_vpc.main"
          ]
        },
        {
          "index_key": 2,
          "schema_version": 1,
          "attributes": {
            "ami": "ami-0e342d72b12109f91",
            "arn": "arn:aws:ec2:eu-central-1:033914270330:instance/i-0e35a654cc7c21dd7",
            "associate_public_ip_address": false,
            "availability_zone": "eu-central-1a",
            "cpu_core_count": 1,
            "cpu_threads_per_core": 1,
            "credit_specification": [
              {
                "cpu_credits": "standard"
              }
            ],
            "disable_api_termination": false,
            "ebs_block_device": [],
            "ebs_optimized": false,
            "ephemeral_block_device": [],
            "get_password_data": false,
            "hibernation": false,
            "host_id": null,
            "iam_instance_profile": "",
            "id": "i-0e35a654cc7c21dd7",
            "instance_initiated_shutdown_behavior": null,
            "instance_state": "running",
            "instance_type": "t2.micro",
            "ipv6_address_count": 0,
            "ipv6_addresses": [],
            "key_name": "cluster_key",
            "metadata_options": [
              {
                "http_endpoint": "enabled",
                "http_put_response_hop_limit": 1,
                "http_tokens": "optional"
              }
            ],
            "monitoring": false,
            "network_interface": [],
            "network_interface_id": null,
            "outpost_arn": "",
            "password_data": "",
            "placement_group": "",
            "primary_network_interface_id": "eni-04dea8c384c21cb5c",
            "private_dns": "ip-172-31-10-49.eu-central-1.compute.internal",
            "private_ip": "172.31.10.49",
            "public_dns": "",
            "public_ip": "",
            "root_block_device": [
              {
                "delete_on_termination": true,
                "device_name": "/dev/sda1",
                "encrypted": false,
                "iops": 100,
                "kms_key_id": "",
                "volume_id": "vol-0c8bd0a814c028c31",
                "volume_size": 8,
                "volume_type": "gp2"
              }
            ],
            "security_groups": [],
            "source_dest_check": true,
            "subnet_id": "subnet-03d1941f09c9d4781",
            "tags": {
              "DomainName": "slave-2.hadoop.cluster",
              "Name": "Hadoop-Slave-2"
            },
            "tenancy": "default",
            "timeouts": null,
            "user_data": null,
            "user_data_base64": null,
            "volume_tags": {},
            "vpc_security_group_ids": [
              "sg-06c7dcb0c083398c8",
              "sg-0924a80e00dfc93e2"
            ]
          },
          "private": "eyJlMmJmYjczMC1lY2FhLTExZTYtOGY4OC0zNDM2M2JjN2M0YzAiOnsiY3JlYXRlIjo2MDAwMDAwMDAwMDAsImRlbGV0ZSI6MTIwMDAwMDAwMDAwMCwidXBkYXRlIjo2MDAwMDAwMDAwMDB9LCJzY2hlbWFfdmVyc2lvbiI6IjEifQ==",
          "dependencies": [
            "aws_key_pair.cluster_key",
            "aws_security_group.admin_access_private",
            "aws_security_group.default_egress",
            "aws_subnet.private_subnet",
            "aws_vpc.main"
          ]
        },
        {
          "index_key": 3,
          "schema_version": 1,
          "attributes": {
            "ami": "ami-0e342d72b12109f91",
            "arn": "arn:aws:ec2:eu-central-1:033914270330:instance/i-0743bd9461a561528",
            "associate_public_ip_address": false,
            "availability_zone": "eu-central-1a",
            "cpu_core_count": 1,
            "cpu_threads_per_core": 1,
            "credit_specification": [
              {
                "cpu_credits": "standard"
              }
            ],
            "disable_api_termination": false,
            "ebs_block_device": [],
            "ebs_optimized": false,
            "ephemeral_block_device": [],
            "get_password_data": false,
            "hibernation": false,
            "host_id": null,
            "iam_instance_profile": "",
            "id": "i-0743bd9461a561528",
            "instance_initiated_shutdown_behavior": null,
            "instance_state": "running",
            "instance_type": "t2.micro",
            "ipv6_address_count": 0,
            "ipv6_addresses": [],
            "key_name": "cluster_key",
            "metadata_options": [
              {
                "http_endpoint": "enabled",
                "http_put_response_hop_limit": 1,
                "http_tokens": "optional"
              }
            ],
            "monitoring": false,
            "network_interface": [],
            "network_interface_id": null,
            "outpost_arn": "",
            "password_data": "",
            "placement_group": "",
            "primary_network_interface_id": "eni-0e611e780717d31fb",
            "private_dns": "ip-172-31-15-144.eu-central-1.compute.internal",
            "private_ip": "172.31.15.144",
            "public_dns": "",
            "public_ip": "",
            "root_block_device": [
              {
                "delete_on_termination": true,
                "device_name": "/dev/sda1",
                "encrypted": false,
                "iops": 100,
                "kms_key_id": "",
                "volume_id": "vol-00cedad917421a61f",
                "volume_size": 8,
                "volume_type": "gp2"
              }
            ],
            "security_groups": [],
            "source_dest_check": true,
            "subnet_id": "subnet-03d1941f09c9d4781",
            "tags": {
              "DomainName": "slave-3.hadoop.cluster",
              "Name": "Hadoop-Slave-3"
            },
            "tenancy": "default",
            "timeouts": null,
            "user_data": null,
            "user_data_base64": null,
            "volume_tags": {},
            "vpc_security_group_ids": [
              "sg-06c7dcb0c083398c8",
              "sg-0924a80e00dfc93e2"
            ]
          },
          "private": "eyJlMmJmYjczMC1lY2FhLTExZTYtOGY4OC0zNDM2M2JjN2M0YzAiOnsiY3JlYXRlIjo2MDAwMDAwMDAwMDAsImRlbGV0ZSI6MTIwMDAwMDAwMDAwMCwidXBkYXRlIjo2MDAwMDAwMDAwMDB9LCJzY2hlbWFfdmVyc2lvbiI6IjEifQ==",
          "dependencies": [
            "aws_key_pair.cluster_key",
            "aws_security_group.admin_access_private",
            "aws_security_group.default_egress",
            "aws_subnet.private_subnet",
            "aws_vpc.main"
          ]
        },
        {
          "index_key": 4,
          "schema_version": 1,
          "attributes": {
            "ami": "ami-0e342d72b12109f91",
            "arn": "arn:aws:ec2:eu-central-1:033914270330:instance/i-050ce66c4ea127d08",
            "associate_public_ip_address": false,
            "availability_zone": "eu-central-1a",
            "cpu_core_count": 1,
            "cpu_threads_per_core": 1,
            "credit_specification": [
              {
                "cpu_credits": "standard"
              }
            ],
            "disable_api_termination": false,
            "ebs_block_device": [],
            "ebs_optimized": false,
            "ephemeral_block_device": [],
            "get_password_data": false,
            "hibernation": false,
            "host_id": null,
            "iam_instance_profile": "",
            "id": "i-050ce66c4ea127d08",
            "instance_initiated_shutdown_behavior": null,
            "instance_state": "running",
            "instance_type": "t2.micro",
            "ipv6_address_count": 0,
            "ipv6_addresses": [],
            "key_name": "cluster_key",
            "metadata_options": [
              {
                "http_endpoint": "enabled",
                "http_put_response_hop_limit": 1,
                "http_tokens": "optional"
              }
            ],
            "monitoring": false,
            "network_interface": [],
            "network_interface_id": null,
            "outpost_arn": "",
            "password_data": "",
            "placement_group": "",
            "primary_network_interface_id": "eni-0c5ab2dc9aec09b10",
            "private_dns": "ip-172-31-9-30.eu-central-1.compute.internal",
            "private_ip": "172.31.9.30",
            "public_dns": "",
            "public_ip": "",
            "root_block_device": [
              {
                "delete_on_termination": true,
                "device_name": "/dev/sda1",
                "encrypted": false,
                "iops": 100,
                "kms_key_id": "",
                "volume_id": "vol-0debc958e66f64dca",
                "volume_size": 8,
                "volume_type": "gp2"
              }
            ],
            "security_groups": [],
            "source_dest_check": true,
            "subnet_id": "subnet-03d1941f09c9d4781",
            "tags": {
              "DomainName": "slave-4.hadoop.cluster",
              "Name": "Hadoop-Slave-4"
            },
            "tenancy": "default",
            "timeouts": null,
            "user_data": null,
            "user_data_base64": null,
            "volume_tags": {},
            "vpc_security_group_ids": [
              "sg-06c7dcb0c083398c8",
              "sg-0924a80e00dfc93e2"
            ]
          },
          "private": "eyJlMmJmYjczMC1lY2FhLTExZTYtOGY4OC0zNDM2M2JjN2M0YzAiOnsiY3JlYXRlIjo2MDAwMDAwMDAwMDAsImRlbGV0ZSI6MTIwMDAwMDAwMDAwMCwidXBkYXRlIjo2MDAwMDAwMDAwMDB9LCJzY2hlbWFfdmVyc2lvbiI6IjEifQ==",
          "dependencies": [
            "aws_key_pair.cluster_key",
            "aws_security_group.admin_access_private",
            "aws_security_group.default_egress",
            "aws_subnet.private_subnet",
            "aws_vpc.main"
          ]
        }
      ]
    },
    {
      "mode": "managed",
      "type": "aws_internet_gateway",
      "name": "main",
      "provider": "provider.aws",
      "instances": [
        {
          "schema_version": 0,
          "attributes": {
            "arn": "arn:aws:ec2:eu-central-1:033914270330:internet-gateway/igw-050043c76df2080e8",
            "id": "igw-050043c76df2080e8",
            "owner_id": "033914270330",
            "tags": {
              "Name": "Cluster Internet Gateway"
            },
            "vpc_id": "vpc-02e1aa7d5ba5067d8"
          },
          "private": "bnVsbA==",
          "dependencies": [
            "aws_vpc.main"
          ]
        }
      ]
    },
    {
      "mode": "managed",
      "type": "aws_key_pair",
      "name": "cluster_key",
      "provider": "provider.aws",
      "instances": [
        {
          "schema_version": 1,
          "attributes": {
            "arn": "arn:aws:ec2:eu-central-1:033914270330:key-pair/cluster_key",
            "fingerprint": "05:97:5b:3e:51:9c:ed:57:cb:fc:d1:2f:fd:74:30:e3",
            "id": "cluster_key",
            "key_name": "cluster_key",
            "key_name_prefix": null,
            "key_pair_id": "key-0a4a7a59ec9cf8f38",
            "public_key": "ssh-rsa AAAAB3NzaC1yc2EAAAADAQABAAABAQDXnNzjNYNhgYqScntUukBRToUHTTZQfUHWPCT1BedDZbOPx8IQfsDJHHm51Wd/zo9VEDlJ4VrsMtfx8TR5QONdP1uaFmgI/5ctJGsEKPyVjSPeHjizyEqk9ISXZ3naEPbOz/kIdJKwHrDEYtLIWFQVMo2cndKlICRi2q8T/TH8mNQaUTyOHuMXvxM7QTedNM6TZA+lxZtIAmVpJCjZCIbEx/Nrdv3kBIrqF8UjNKldW8KldT+gZgEPJSx/pXc9yM7i/Ka0CpAjMK+gt042JjkbXQjBLHtOpnw2WeN2sqSjcahbxgLgiSAOe219h7fzpxWjB595WNvE33FDQejag3y1 ash@HomePC",
            "tags": null
          },
          "private": "eyJzY2hlbWFfdmVyc2lvbiI6IjEifQ=="
        }
      ]
    },
    {
      "mode": "managed",
      "type": "aws_nat_gateway",
      "name": "nat",
      "provider": "provider.aws",
      "instances": [
        {
          "schema_version": 0,
          "attributes": {
            "allocation_id": "eipalloc-008a614eb9da753b8",
            "id": "nat-08b537e5d5c855214",
            "network_interface_id": "eni-02f195bdd74220e0e",
            "private_ip": "172.31.20.170",
            "public_ip": "3.123.148.208",
            "subnet_id": "subnet-02fe854161c66aee2",
            "tags": {
              "Name": "NAT Gateway"
            }
          },
          "private": "bnVsbA==",
          "dependencies": [
            "aws_eip.eip",
            "aws_internet_gateway.main",
            "aws_subnet.public_subnet",
            "aws_vpc.main"
          ]
        }
      ]
    },
    {
      "mode": "managed",
      "type": "aws_route_table",
      "name": "internet",
      "provider": "provider.aws",
      "instances": [
        {
          "schema_version": 0,
          "attributes": {
            "id": "rtb-0e9f5aba87f2c5cb9",
            "owner_id": "033914270330",
            "propagating_vgws": [],
            "route": [
              {
                "cidr_block": "0.0.0.0/0",
                "egress_only_gateway_id": "",
                "gateway_id": "",
                "instance_id": "",
                "ipv6_cidr_block": "",
                "nat_gateway_id": "nat-08b537e5d5c855214",
                "network_interface_id": "",
                "transit_gateway_id": "",
                "vpc_peering_connection_id": ""
              }
            ],
            "tags": {
              "Name": "Cluster Routing Table"
            },
            "vpc_id": "vpc-02e1aa7d5ba5067d8"
          },
          "private": "bnVsbA==",
          "dependencies": [
            "aws_eip.eip",
            "aws_internet_gateway.main",
            "aws_nat_gateway.nat",
            "aws_subnet.public_subnet",
            "aws_vpc.main"
          ]
        }
      ]
    },
    {
      "mode": "managed",
      "type": "aws_route_table",
      "name": "public_route",
      "provider": "provider.aws",
      "instances": [
        {
          "schema_version": 0,
          "attributes": {
            "id": "rtb-03163078a31c960e6",
            "owner_id": "033914270330",
            "propagating_vgws": [],
            "route": [
              {
                "cidr_block": "0.0.0.0/0",
                "egress_only_gateway_id": "",
                "gateway_id": "igw-050043c76df2080e8",
                "instance_id": "",
                "ipv6_cidr_block": "",
                "nat_gateway_id": "",
                "network_interface_id": "",
                "transit_gateway_id": "",
                "vpc_peering_connection_id": ""
              }
            ],
            "tags": {
              "Name": "cluster-public-route-table"
            },
            "vpc_id": "vpc-02e1aa7d5ba5067d8"
          },
          "private": "bnVsbA==",
          "dependencies": [
            "aws_internet_gateway.main",
            "aws_vpc.main"
          ]
        }
      ]
    },
    {
      "mode": "managed",
      "type": "aws_route_table_association",
      "name": "private_subnet_assoc",
      "provider": "provider.aws",
      "instances": [
        {
          "schema_version": 0,
          "attributes": {
            "gateway_id": null,
            "id": "rtbassoc-0c70e925907383ce3",
            "route_table_id": "rtb-082f909fab45e7a35",
            "subnet_id": "subnet-03d1941f09c9d4781"
          },
          "private": "bnVsbA==",
          "dependencies": [
            "aws_default_route_table.private_route",
            "aws_eip.eip",
            "aws_internet_gateway.main",
            "aws_nat_gateway.nat",
            "aws_subnet.private_subnet",
            "aws_subnet.public_subnet",
            "aws_vpc.main"
          ]
        }
      ]
    },
    {
      "mode": "managed",
      "type": "aws_route_table_association",
      "name": "public_subnet_assoc",
      "provider": "provider.aws",
      "instances": [
        {
          "schema_version": 0,
          "attributes": {
            "gateway_id": null,
            "id": "rtbassoc-0176f26b61a2a8a44",
            "route_table_id": "rtb-03163078a31c960e6",
            "subnet_id": "subnet-02fe854161c66aee2"
          },
          "private": "bnVsbA==",
          "dependencies": [
            "aws_internet_gateway.main",
            "aws_route_table.public_route",
            "aws_subnet.public_subnet",
            "aws_vpc.main"
          ]
        }
      ]
    },
    {
      "mode": "managed",
      "type": "aws_security_group",
      "name": "admin_access_private",
      "provider": "provider.aws",
      "instances": [
        {
          "schema_version": 1,
          "attributes": {
            "arn": "arn:aws:ec2:eu-central-1:033914270330:security-group/sg-06c7dcb0c083398c8",
            "description": "Allow All Private Access",
            "egress": [],
            "id": "sg-06c7dcb0c083398c8",
            "ingress": [],
            "name": "admin_access_private",
            "name_prefix": null,
            "owner_id": "033914270330",
            "revoke_rules_on_delete": false,
            "tags": {
              "Name": "Internal Instances SG"
            },
            "timeouts": null,
            "vpc_id": "vpc-02e1aa7d5ba5067d8"
          },
          "private": "eyJlMmJmYjczMC1lY2FhLTExZTYtOGY4OC0zNDM2M2JjN2M0YzAiOnsiY3JlYXRlIjo2MDAwMDAwMDAwMDAsImRlbGV0ZSI6NjAwMDAwMDAwMDAwfSwic2NoZW1hX3ZlcnNpb24iOiIxIn0=",
          "dependencies": [
            "aws_vpc.main"
          ]
        }
      ]
    },
    {
      "mode": "managed",
      "type": "aws_security_group",
      "name": "admin_access_public",
      "provider": "provider.aws",
      "instances": [
        {
          "schema_version": 1,
          "attributes": {
            "arn": "arn:aws:ec2:eu-central-1:033914270330:security-group/sg-00c51351312120a56",
            "description": "Admin Access Public",
            "egress": [],
            "id": "sg-00c51351312120a56",
            "ingress": [],
            "name": "admin_access_public",
            "name_prefix": null,
            "owner_id": "033914270330",
            "revoke_rules_on_delete": false,
            "tags": {
              "Name": "Admin Instance SG"
            },
            "timeouts": null,
            "vpc_id": "vpc-02e1aa7d5ba5067d8"
          },
          "private": "eyJlMmJmYjczMC1lY2FhLTExZTYtOGY4OC0zNDM2M2JjN2M0YzAiOnsiY3JlYXRlIjo2MDAwMDAwMDAwMDAsImRlbGV0ZSI6NjAwMDAwMDAwMDAwfSwic2NoZW1hX3ZlcnNpb24iOiIxIn0=",
          "dependencies": [
            "aws_vpc.main"
          ]
        }
      ]
    },
    {
      "mode": "managed",
      "type": "aws_security_group",
      "name": "default_egress",
      "provider": "provider.aws",
      "instances": [
        {
          "schema_version": 1,
          "attributes": {
            "arn": "arn:aws:ec2:eu-central-1:033914270330:security-group/sg-0924a80e00dfc93e2",
            "description": "Default Egress",
            "egress": [],
            "id": "sg-0924a80e00dfc93e2",
            "ingress": [],
            "name": "default_egress",
            "name_prefix": null,
            "owner_id": "033914270330",
            "revoke_rules_on_delete": false,
            "tags": {
              "Name": "Open Outbound SG"
            },
            "timeouts": null,
            "vpc_id": "vpc-02e1aa7d5ba5067d8"
          },
          "private": "eyJlMmJmYjczMC1lY2FhLTExZTYtOGY4OC0zNDM2M2JjN2M0YzAiOnsiY3JlYXRlIjo2MDAwMDAwMDAwMDAsImRlbGV0ZSI6NjAwMDAwMDAwMDAwfSwic2NoZW1hX3ZlcnNpb24iOiIxIn0=",
          "dependencies": [
            "aws_vpc.main"
          ]
        }
      ]
    },
    {
      "mode": "managed",
      "type": "aws_security_group_rule",
      "name": "admin_access_private_allow_all",
      "provider": "provider.aws",
      "instances": [
        {
          "schema_version": 2,
          "attributes": {
            "cidr_blocks": [
              "172.31.0.0/16"
            ],
            "description": null,
            "from_port": 0,
            "id": "sgrule-4123506389",
            "ipv6_cidr_blocks": null,
            "prefix_list_ids": null,
            "protocol": "-1",
            "security_group_id": "sg-06c7dcb0c083398c8",
            "self": false,
            "source_security_group_id": null,
            "to_port": 0,
            "type": "ingress"
          },
          "private": "eyJzY2hlbWFfdmVyc2lvbiI6IjIifQ==",
          "dependencies": [
            "aws_security_group.admin_access_private",
            "aws_vpc.main"
          ]
        }
      ]
    },
    {
      "mode": "managed",
      "type": "aws_security_group_rule",
      "name": "admin_access_public_ssh",
      "provider": "provider.aws",
      "instances": [
        {
          "schema_version": 2,
          "attributes": {
            "cidr_blocks": [
              "0.0.0.0/0"
            ],
            "description": null,
            "from_port": 22,
            "id": "sgrule-2629508658",
            "ipv6_cidr_blocks": null,
            "prefix_list_ids": null,
            "protocol": "tcp",
            "security_group_id": "sg-00c51351312120a56",
            "self": false,
            "source_security_group_id": null,
            "to_port": 22,
            "type": "ingress"
          },
          "private": "eyJzY2hlbWFfdmVyc2lvbiI6IjIifQ==",
          "dependencies": [
            "aws_security_group.admin_access_public",
            "aws_vpc.main"
          ]
        }
      ]
    },
    {
      "mode": "managed",
      "type": "aws_security_group_rule",
      "name": "default_egress",
      "provider": "provider.aws",
      "instances": [
        {
          "schema_version": 2,
          "attributes": {
            "cidr_blocks": [
              "0.0.0.0/0"
            ],
            "description": null,
            "from_port": 0,
            "id": "sgrule-2852379331",
            "ipv6_cidr_blocks": null,
            "prefix_list_ids": null,
            "protocol": "-1",
            "security_group_id": "sg-0924a80e00dfc93e2",
            "self": false,
            "source_security_group_id": null,
            "to_port": 0,
            "type": "egress"
          },
          "private": "eyJzY2hlbWFfdmVyc2lvbiI6IjIifQ==",
          "dependencies": [
            "aws_security_group.default_egress",
            "aws_vpc.main"
          ]
        }
      ]
    },
    {
      "mode": "managed",
      "type": "aws_subnet",
      "name": "private_subnet",
      "provider": "provider.aws",
      "instances": [
        {
          "schema_version": 1,
          "attributes": {
            "arn": "arn:aws:ec2:eu-central-1:033914270330:subnet/subnet-03d1941f09c9d4781",
            "assign_ipv6_address_on_creation": false,
            "availability_zone": "eu-central-1a",
            "availability_zone_id": "euc1-az2",
            "cidr_block": "172.31.0.0/20",
            "id": "subnet-03d1941f09c9d4781",
            "ipv6_cidr_block": "",
            "ipv6_cidr_block_association_id": "",
            "map_public_ip_on_launch": false,
            "outpost_arn": "",
            "owner_id": "033914270330",
            "tags": {
              "Name": "Cluster Subnet A"
            },
            "timeouts": null,
            "vpc_id": "vpc-02e1aa7d5ba5067d8"
          },
          "private": "eyJlMmJmYjczMC1lY2FhLTExZTYtOGY4OC0zNDM2M2JjN2M0YzAiOnsiY3JlYXRlIjo2MDAwMDAwMDAwMDAsImRlbGV0ZSI6MTIwMDAwMDAwMDAwMH0sInNjaGVtYV92ZXJzaW9uIjoiMSJ9",
          "dependencies": [
            "aws_vpc.main"
          ]
        }
      ]
    },
    {
      "mode": "managed",
      "type": "aws_subnet",
      "name": "public_subnet",
      "provider": "provider.aws",
      "instances": [
        {
          "schema_version": 1,
          "attributes": {
            "arn": "arn:aws:ec2:eu-central-1:033914270330:subnet/subnet-02fe854161c66aee2",
            "assign_ipv6_address_on_creation": false,
            "availability_zone": "eu-central-1b",
            "availability_zone_id": "euc1-az3",
            "cidr_block": "172.31.16.0/20",
            "id": "subnet-02fe854161c66aee2",
            "ipv6_cidr_block": "",
            "ipv6_cidr_block_association_id": "",
            "map_public_ip_on_launch": true,
            "outpost_arn": "",
            "owner_id": "033914270330",
            "tags": {
              "Name": "Cluster Subnet B"
            },
            "timeouts": null,
            "vpc_id": "vpc-02e1aa7d5ba5067d8"
          },
          "private": "eyJlMmJmYjczMC1lY2FhLTExZTYtOGY4OC0zNDM2M2JjN2M0YzAiOnsiY3JlYXRlIjo2MDAwMDAwMDAwMDAsImRlbGV0ZSI6MTIwMDAwMDAwMDAwMH0sInNjaGVtYV92ZXJzaW9uIjoiMSJ9",
          "dependencies": [
            "aws_vpc.main"
          ]
        }
      ]
    },
    {
      "mode": "managed",
      "type": "aws_vpc",
      "name": "main",
      "provider": "provider.aws",
      "instances": [
        {
          "schema_version": 1,
          "attributes": {
            "arn": "arn:aws:ec2:eu-central-1:033914270330:vpc/vpc-02e1aa7d5ba5067d8",
            "assign_generated_ipv6_cidr_block": false,
            "cidr_block": "172.31.0.0/16",
            "default_network_acl_id": "acl-054cda0b055bd7a59",
            "default_route_table_id": "rtb-082f909fab45e7a35",
            "default_security_group_id": "sg-070ea740f926d2ea5",
            "dhcp_options_id": "dopt-0d82e4ff0b76a5a5b",
            "enable_classiclink": null,
            "enable_classiclink_dns_support": null,
            "enable_dns_hostnames": true,
            "enable_dns_support": true,
            "id": "vpc-02e1aa7d5ba5067d8",
            "instance_tenancy": "default",
            "ipv6_association_id": "",
            "ipv6_cidr_block": "",
            "main_route_table_id": "rtb-082f909fab45e7a35",
            "owner_id": "033914270330",
            "tags": {
              "Name": "Cluster VPC"
            }
          },
          "private": "eyJzY2hlbWFfdmVyc2lvbiI6IjEifQ=="
        }
      ]
    },
    {
      "mode": "managed",
      "type": "null_resource",
      "name": "admin-node",
      "provider": "provider.null",
      "instances": [
        {
          "schema_version": 0,
          "attributes": {
            "id": "1753243001306085720",
            "triggers": null
          },
          "private": "bnVsbA==",
          "dependencies": [
            "aws_instance.admin-node",
            "aws_instance.cassandra-nodes",
            "aws_instance.master-node",
            "aws_instance.slave-nodes",
            "aws_key_pair.cluster_key",
            "aws_security_group.admin_access_private",
            "aws_security_group.admin_access_public",
            "aws_security_group.default_egress",
            "aws_subnet.private_subnet",
            "aws_subnet.public_subnet",
            "aws_vpc.main",
            "null_resource.prepare_hosts_and_workers_files"
          ]
        }
      ]
    },
    {
      "mode": "managed",
      "type": "null_resource",
      "name": "cassandra-nodes",
      "each": "list",
      "provider": "provider.null",
      "instances": []
    },
    {
      "mode": "managed",
      "type": "null_resource",
      "name": "master-node",
      "provider": "provider.null",
      "instances": [
        {
          "schema_version": 0,
          "attributes": {
            "id": "6558089858806691212",
            "triggers": null
          },
          "private": "bnVsbA==",
          "dependencies": [
            "aws_instance.admin-node",
            "aws_instance.cassandra-nodes",
            "aws_instance.master-node",
            "aws_instance.slave-nodes",
            "aws_key_pair.cluster_key",
            "aws_security_group.admin_access_private",
            "aws_security_group.admin_access_public",
            "aws_security_group.default_egress",
            "aws_subnet.private_subnet",
            "aws_subnet.public_subnet",
            "aws_vpc.main",
            "null_resource.prepare_hosts_and_workers_files"
          ]
        }
      ]
    },
    {
      "mode": "managed",
      "type": "null_resource",
      "name": "prepare_hosts_and_workers_files",
      "provider": "provider.null",
      "instances": [
        {
          "schema_version": 0,
          "attributes": {
            "id": "5989581765977177976",
            "triggers": null
          },
          "private": "bnVsbA==",
          "dependencies": [
            "aws_instance.cassandra-nodes",
            "aws_instance.master-node",
            "aws_instance.slave-nodes",
            "aws_key_pair.cluster_key",
            "aws_security_group.admin_access_private",
            "aws_security_group.default_egress",
            "aws_subnet.private_subnet",
            "aws_vpc.main"
          ]
        }
      ]
    },
    {
      "mode": "managed",
      "type": "null_resource",
      "name": "slave-nodes",
      "each": "list",
      "provider": "provider.null",
      "instances": [
        {
          "index_key": 0,
          "schema_version": 0,
          "attributes": {
            "id": "4228972465934099494",
            "triggers": null
          },
          "private": "bnVsbA==",
          "dependencies": [
            "aws_instance.admin-node",
            "aws_instance.cassandra-nodes",
            "aws_instance.master-node",
            "aws_instance.slave-nodes",
            "aws_key_pair.cluster_key",
            "aws_security_group.admin_access_private",
            "aws_security_group.admin_access_public",
            "aws_security_group.default_egress",
            "aws_subnet.private_subnet",
            "aws_subnet.public_subnet",
            "aws_vpc.main",
            "null_resource.prepare_hosts_and_workers_files"
          ]
        },
        {
          "index_key": 1,
          "schema_version": 0,
          "attributes": {
            "id": "8275081486999936620",
            "triggers": null
          },
          "private": "bnVsbA==",
          "dependencies": [
            "aws_instance.admin-node",
            "aws_instance.cassandra-nodes",
            "aws_instance.master-node",
            "aws_instance.slave-nodes",
            "aws_key_pair.cluster_key",
            "aws_security_group.admin_access_private",
            "aws_security_group.admin_access_public",
            "aws_security_group.default_egress",
            "aws_subnet.private_subnet",
            "aws_subnet.public_subnet",
            "aws_vpc.main",
            "null_resource.prepare_hosts_and_workers_files"
          ]
        },
        {
          "index_key": 2,
          "schema_version": 0,
          "attributes": {
            "id": "1749840843870628023",
            "triggers": null
          },
          "private": "bnVsbA==",
          "dependencies": [
            "aws_instance.admin-node",
            "aws_instance.cassandra-nodes",
            "aws_instance.master-node",
            "aws_instance.slave-nodes",
            "aws_key_pair.cluster_key",
            "aws_security_group.admin_access_private",
            "aws_security_group.admin_access_public",
            "aws_security_group.default_egress",
            "aws_subnet.private_subnet",
            "aws_subnet.public_subnet",
            "aws_vpc.main",
            "null_resource.prepare_hosts_and_workers_files"
          ]
        },
        {
          "index_key": 3,
          "schema_version": 0,
          "attributes": {
            "id": "6964772181528259177",
            "triggers": null
          },
          "private": "bnVsbA==",
          "dependencies": [
            "aws_instance.admin-node",
            "aws_instance.cassandra-nodes",
            "aws_instance.master-node",
            "aws_instance.slave-nodes",
            "aws_key_pair.cluster_key",
            "aws_security_group.admin_access_private",
            "aws_security_group.admin_access_public",
            "aws_security_group.default_egress",
            "aws_subnet.private_subnet",
            "aws_subnet.public_subnet",
            "aws_vpc.main",
            "null_resource.prepare_hosts_and_workers_files"
          ]
        },
        {
          "index_key": 4,
          "schema_version": 0,
          "attributes": {
            "id": "2924116632650164170",
            "triggers": null
          },
          "private": "bnVsbA==",
          "dependencies": [
            "aws_instance.admin-node",
            "aws_instance.cassandra-nodes",
            "aws_instance.master-node",
            "aws_instance.slave-nodes",
            "aws_key_pair.cluster_key",
            "aws_security_group.admin_access_private",
            "aws_security_group.admin_access_public",
            "aws_security_group.default_egress",
            "aws_subnet.private_subnet",
            "aws_subnet.public_subnet",
            "aws_vpc.main",
            "null_resource.prepare_hosts_and_workers_files"
          ]
        }
      ]
    },
    {
      "mode": "managed",
      "type": "null_resource",
      "name": "start-hadoop",
      "provider": "provider.null",
      "instances": [
        {
          "schema_version": 0,
          "attributes": {
            "id": "675497614769005074",
            "triggers": null
          },
          "private": "bnVsbA==",
          "dependencies": [
            "aws_instance.admin-node",
            "aws_instance.cassandra-nodes",
            "aws_instance.master-node",
            "aws_instance.slave-nodes",
            "aws_key_pair.cluster_key",
            "aws_security_group.admin_access_private",
            "aws_security_group.admin_access_public",
            "aws_security_group.default_egress",
            "aws_subnet.private_subnet",
            "aws_subnet.public_subnet",
            "aws_vpc.main",
            "null_resource.master-node",
            "null_resource.prepare_hosts_and_workers_files",
            "null_resource.slave-nodes"
          ]
        }
      ]
    }
  ]
}
